
Microsoft Visual Studio Solution File, Format Version 12.00
# Visual Studio Version 17
VisualStudioVersion = 17.9.34902.65
MinimumVisualStudioVersion = 10.0.40219.1
Project("{FAE04EC0-301F-11D3-BF4B-00C04F79EFBC}") = "TestSampleProject1", "TestSampleProject1\TestSampleProject1.csproj", "{844F5B49-4F7E-49FC-8541-7BC47D39C179}"
EndProject
Global
	GlobalSection(SolutionConfigurationPlatforms) = preSolution
		Debug|Any CPU = Debug|Any CPU
		Release|Any CPU = Release|Any CPU
	EndGlobalSection
	GlobalSection(ProjectConfigurationPlatforms) = postSolution
		{844F5B49-4F7E-49FC-8541-7BC47D39C179}.Debug|Any CPU.ActiveCfg = Debug|Any CPU
		{844F5B49-4F7E-49FC-8541-7BC47D39C179}.Debug|Any CPU.Build.0 = Debug|Any CPU
		{844F5B49-4F7E-49FC-8541-7BC47D39C179}.Release|Any CPU.ActiveCfg = Release|Any CPU
		{844F5B49-4F7E-49FC-8541-7BC47D39C179}.Release|Any CPU.Build.0 = Release|Any CPU
	EndGlobalSection
	GlobalSection(SolutionProperties) = preSolution
		HideSolutionNode = FALSE
	EndGlobalSection
	GlobalSection(ExtensibilityGlobals) = postSolution
		SolutionGuid = {2EB2DA06-A526-4CE1-897A-E301D3CC217E}
	EndGlobalSection
EndGlobal
